
Microsoft Visual Studio Solution File, Format Version 11.00
# Visual Studio 2010
Project("{E24C65DC-7377-472B-9ABA-BC803B73C61A}") = "cookdin", "cookdin\", "{AB7EBB0C-C7F8-40D9-A461-917E8666DAA2}"
	ProjectSection(WebsiteProperties) = preProject
		Frontpage = "false"
		TargetFrameworkMoniker = ".NETFramework,Version%3Dv4.0"
		Debug.AspNetCompiler.VirtualPath = "/cookdin"
		Debug.AspNetCompiler.PhysicalPath = "cookdin\"
		Debug.AspNetCompiler.TargetPath = "PrecompiledWeb\cookdin\"
		Debug.AspNetCompiler.Updateable = "true"
		Debug.AspNetCompiler.ForceOverwrite = "true"
		Debug.AspNetCompiler.FixedNames = "false"
		Debug.AspNetCompiler.Debug = "True"
		Release.AspNetCompiler.VirtualPath = "/cookdin"
		Release.AspNetCompiler.PhysicalPath = "cookdin\"
		Release.AspNetCompiler.TargetPath = "PrecompiledWeb\cookdin\"
		Release.AspNetCompiler.Updateable = "true"
		Release.AspNetCompiler.ForceOverwrite = "true"
		Release.AspNetCompiler.FixedNames = "false"
		Release.AspNetCompiler.Debug = "False"
		VWDPort = "3116"
	EndProjectSection
EndProject
Global
	GlobalSection(SolutionConfigurationPlatforms) = preSolution
		Debug|Any CPU = Debug|Any CPU
	EndGlobalSection
	GlobalSection(ProjectConfigurationPlatforms) = postSolution
		{AB7EBB0C-C7F8-40D9-A461-917E8666DAA2}.Debug|Any CPU.ActiveCfg = Debug|Any CPU
		{AB7EBB0C-C7F8-40D9-A461-917E8666DAA2}.Debug|Any CPU.Build.0 = Debug|Any CPU
	EndGlobalSection
	GlobalSection(SolutionProperties) = preSolution
		HideSolutionNode = FALSE
	EndGlobalSection
EndGlobal
